# This file is automatically @generated by Cargo.
# It is not intended for manual editing.
[[package]]
name = "az"
version = "1.1.1"
source = "registry+https://github.com/rust-lang/crates.io-index"
checksum = "822d7d63e0c0260a050f6b1f0d316f5c79b9eab830aca526ed904e1011bd64ca"

[[package]]
name = "bstr"
version = "0.2.16"
source = "registry+https://github.com/rust-lang/crates.io-index"
checksum = "90682c8d613ad3373e66de8c6411e0ae2ab2571e879d2efbf73558cc66f21279"
dependencies = [
 "lazy_static",
 "memchr",
 "regex-automata",
]

[[package]]
name = "gmp-mpfr-sys"
version = "1.4.6"
source = "registry+https://github.com/rust-lang/crates.io-index"
checksum = "1c909eb55443867ff73a36c7c28784f02496e657c9618cdfed0c70a8379b911a"
dependencies = [
 "libc",
 "winapi",
]

[[package]]
name = "lazy_static"
version = "1.4.0"
source = "registry+https://github.com/rust-lang/crates.io-index"
checksum = "e2abad23fbc42b3700f2f279844dc832adb2b2eb069b2df918f455c4e18cc646"

[[package]]
name = "libc"
version = "0.2.99"
source = "registry+https://github.com/rust-lang/crates.io-index"
checksum = "a7f823d141fe0a24df1e23b4af4e3c7ba9e5966ec514ea068c93024aa7deb765"

[[package]]
name = "memchr"
version = "2.4.0"
source = "registry+https://github.com/rust-lang/crates.io-index"
checksum = "b16bd47d9e329435e309c58469fe0791c2d0d1ba96ec0954152a5ae2b04387dc"

[[package]]
name = "regex-automata"
version = "0.1.10"
source = "registry+https://github.com/rust-lang/crates.io-index"
checksum = "6c230d73fb8d8c1b9c0b3135c5142a8acee3a0558fb8db5cf1cb65f8d7862132"

[[package]]
name = "rug"
version = "1.13.0"
source = "registry+https://github.com/rust-lang/crates.io-index"
checksum = "ee0c6e98de59509e62e09f3456b23cebb75dad21928882016f169bb628843459"
dependencies = [
 "az",
 "gmp-mpfr-sys",
 "libc",
]

[[package]]
name = "winapi"
version = "0.3.9"
source = "registry+https://github.com/rust-lang/crates.io-index"
checksum = "5c839a674fcd7a98952e593242ea400abe93992746761e38641405d28b00f419"
dependencies = [
 "winapi-i686-pc-windows-gnu",
 "winapi-x86_64-pc-windows-gnu",
]

[[package]]
name = "winapi-i686-pc-windows-gnu"
version = "0.4.0"
source = "registry+https://github.com/rust-lang/crates.io-index"
checksum = "ac3b87c63620426dd9b991e5ce0329eff545bccbbb34f3be09ff6fb6ab51b7b6"

[[package]]
name = "winapi-x86_64-pc-windows-gnu"
version = "0.4.0"
source = "registry+https://github.com/rust-lang/crates.io-index"
checksum = "712e227841d057c1ee1cd2fb22fa7e5a5461ae8e48fa2ca79ec42cfc1931183f"

[[package]]
name = "yspace"
version = "0.1.0"
dependencies = [
 "bstr",
 "rug",
]
